dependencies:
- name: postgresql
  repository: oci://registry-1.docker.io/bitnamicharts
  version: 18.5.15
- name: redis
  repository: oci://registry-1.docker.io/bitnamicharts
  version: 25.3.9
digest: sha256:80e9531a74c03de5b7eab3e7ee86e71e605f1887498c42f5d976b7ab07c7c608
generated: "2026-04-03T10:08:35.710323+08:00"
